
Microsoft Visual Studio Solution File, Format Version 12.00
# Visual Studio Version 17
VisualStudioVersion = 17.9.34902.65
MinimumVisualStudioVersion = 10.0.40219.1
Project("{FAE04EC0-301F-11D3-BF4B-00C04F79EFBC}") = "Hospital", "Hospital\Hospital.csproj", "{9211E9A3-8862-488F-8645-6DBDA59696A1}"
EndProject
Global
	GlobalSection(SolutionConfigurationPlatforms) = preSolution
		Debug|Any CPU = Debug|Any CPU
		Release|Any CPU = Release|Any CPU
	EndGlobalSection
	GlobalSection(ProjectConfigurationPlatforms) = postSolution
		{9211E9A3-8862-488F-8645-6DBDA59696A1}.Debug|Any CPU.ActiveCfg = Debug|Any CPU
		{9211E9A3-8862-488F-8645-6DBDA59696A1}.Debug|Any CPU.Build.0 = Debug|Any CPU
		{9211E9A3-8862-488F-8645-6DBDA59696A1}.Release|Any CPU.ActiveCfg = Release|Any CPU
		{9211E9A3-8862-488F-8645-6DBDA59696A1}.Release|Any CPU.Build.0 = Release|Any CPU
	EndGlobalSection
	GlobalSection(SolutionProperties) = preSolution
		HideSolutionNode = FALSE
	EndGlobalSection
	GlobalSection(ExtensibilityGlobals) = postSolution
		SolutionGuid = {2A0DD552-0568-456D-99C2-6A32D5475001}
	EndGlobalSection
EndGlobal
